
Microsoft Visual Studio Solution File, Format Version 12.00
# Visual Studio Version 17
VisualStudioVersion = 17.1.32228.430
MinimumVisualStudioVersion = 10.0.40219.1
Project("{FAE04EC0-301F-11D3-BF4B-00C04F79EFBC}") = "BaseProject", "BaseProject\BaseProject.csproj", "{35A075C2-FE3B-4AA9-8B8A-E24719AAC60E}"
EndProject
Global
	GlobalSection(SolutionConfigurationPlatforms) = preSolution
		Debug|Any CPU = Debug|Any CPU
		Release|Any CPU = Release|Any CPU
	EndGlobalSection
	GlobalSection(ProjectConfigurationPlatforms) = postSolution
		{35A075C2-FE3B-4AA9-8B8A-E24719AAC60E}.Debug|Any CPU.ActiveCfg = Debug|Any CPU
		{35A075C2-FE3B-4AA9-8B8A-E24719AAC60E}.Debug|Any CPU.Build.0 = Debug|Any CPU
		{35A075C2-FE3B-4AA9-8B8A-E24719AAC60E}.Release|Any CPU.ActiveCfg = Release|Any CPU
		{35A075C2-FE3B-4AA9-8B8A-E24719AAC60E}.Release|Any CPU.Build.0 = Release|Any CPU
	EndGlobalSection
	GlobalSection(SolutionProperties) = preSolution
		HideSolutionNode = FALSE
	EndGlobalSection
	GlobalSection(ExtensibilityGlobals) = postSolution
		SolutionGuid = {33FB60AC-0EE1-4DB1-84E8-28BFA94DD8EC}
	EndGlobalSection
EndGlobal
